
Microsoft Visual Studio Solution File, Format Version 11.00
# Visual Studio 2010
Project("{8BC9CEB8-8B4A-11D0-8D11-00A0C91BC942}") = "AirTicketOffice", "AirTicketOffice\AirTicketOffice.vcxproj", "{769FA82F-CE89-4062-B78E-D1C040791341}"
EndProject
Global
	GlobalSection(SolutionConfigurationPlatforms) = preSolution
		Debug|Win32 = Debug|Win32
		Release|Win32 = Release|Win32
	EndGlobalSection
	GlobalSection(ProjectConfigurationPlatforms) = postSolution
		{769FA82F-CE89-4062-B78E-D1C040791341}.Debug|Win32.ActiveCfg = Debug|Win32
		{769FA82F-CE89-4062-B78E-D1C040791341}.Debug|Win32.Build.0 = Debug|Win32
		{769FA82F-CE89-4062-B78E-D1C040791341}.Release|Win32.ActiveCfg = Release|Win32
		{769FA82F-CE89-4062-B78E-D1C040791341}.Release|Win32.Build.0 = Release|Win32
	EndGlobalSection
	GlobalSection(SolutionProperties) = preSolution
		HideSolutionNode = FALSE
	EndGlobalSection
EndGlobal
